# THIS IS AN AUTOGENERATED FILE. DO NOT EDIT THIS FILE DIRECTLY.
# yarn lockfile v1


react-hook-form@^7.58.1:
  version "7.58.1"
  resolved "https://registry.yarnpkg.com/react-hook-form/-/react-hook-form-7.58.1.tgz#b755acc1b42a19e4253c878b766e4c5ebd070fe8"
  integrity sha512-Lml/KZYEEFfPhUVgE0RdCVpnC4yhW+PndRhbiTtdvSlQTL8IfVR+iQkBjLIvmmc6+GGoVeM11z37ktKFPAb0FA==
